
Microsoft Visual Studio Solution File, Format Version 12.00
# Visual Studio Version 17
VisualStudioVersion = 17.7.34031.279
MinimumVisualStudioVersion = 10.0.40219.1
Project("{FAE04EC0-301F-11D3-BF4B-00C04F79EFBC}") = "practica2", "practica2\practica2.csproj", "{4398EB21-DE0E-44D2-823D-537071AD6024}"
EndProject
Global
	GlobalSection(SolutionConfigurationPlatforms) = preSolution
		Debug|Any CPU = Debug|Any CPU
		Release|Any CPU = Release|Any CPU
	EndGlobalSection
	GlobalSection(ProjectConfigurationPlatforms) = postSolution
		{4398EB21-DE0E-44D2-823D-537071AD6024}.Debug|Any CPU.ActiveCfg = Debug|Any CPU
		{4398EB21-DE0E-44D2-823D-537071AD6024}.Debug|Any CPU.Build.0 = Debug|Any CPU
		{4398EB21-DE0E-44D2-823D-537071AD6024}.Release|Any CPU.ActiveCfg = Release|Any CPU
		{4398EB21-DE0E-44D2-823D-537071AD6024}.Release|Any CPU.Build.0 = Release|Any CPU
	EndGlobalSection
	GlobalSection(SolutionProperties) = preSolution
		HideSolutionNode = FALSE
	EndGlobalSection
	GlobalSection(ExtensibilityGlobals) = postSolution
		SolutionGuid = {48930FA5-0B16-4DDD-B337-EE5A1608384C}
	EndGlobalSection
EndGlobal
